
Microsoft Visual Studio Solution File, Format Version 12.00
# Visual Studio 15
VisualStudioVersion = 15.0.27130.2024
MinimumVisualStudioVersion = 10.0.40219.1
Project("{2150E333-8FDC-42A3-9474-1A3956D46DE8}") = "WCF.Demo", "WCF.Demo", "{7B0C2E05-3735-4E01-8743-B4344DF55477}"
EndProject
Project("{FAE04EC0-301F-11D3-BF4B-00C04F79EFBC}") = "Client", "WCF.Demo\Client\Client.csproj", "{EA6D9686-D5B2-46D2-926C-7D34A09245A6}"
EndProject
Project("{FAE04EC0-301F-11D3-BF4B-00C04F79EFBC}") = "Contracts", "WCF.Demo\Contracts\Contracts.csproj", "{2E91874D-29DE-43F6-AC65-AB181742D534}"
EndProject
Project("{FAE04EC0-301F-11D3-BF4B-00C04F79EFBC}") = "Hosting", "WCF.Demo\Hosting\Hosting.csproj", "{5CA20E3B-3102-4A85-B22C-4B2BE8EF2732}"
EndProject
Project("{FAE04EC0-301F-11D3-BF4B-00C04F79EFBC}") = "Services", "WCF.Demo\Services\Services.csproj", "{C1640723-0411-4384-B8A4-6998B66D5DB8}"
EndProject
Project("{2150E333-8FDC-42A3-9474-1A3956D46DE8}") = "RabbitMQ.Demo", "RabbitMQ.Demo", "{3973917B-3E9D-4AF5-B29E-8D08BAF90F33}"
	ProjectSection(SolutionItems) = preProject
		ref.md = ref.md
	EndProjectSection
EndProject
Project("{9A19103F-16F7-4668-BE54-9A1E7A4F7556}") = "RpcReceive", "RabbitMQ.Demo\RpcReceive\RpcReceive.csproj", "{23EB3195-8F34-4631-B790-404B647D0A29}"
EndProject
Project("{9A19103F-16F7-4668-BE54-9A1E7A4F7556}") = "RpcSend", "RabbitMQ.Demo\RpcSend\RpcSend.csproj", "{1CD6B6F5-4847-430F-AE0C-A9CA37F3162E}"
EndProject
Project("{9A19103F-16F7-4668-BE54-9A1E7A4F7556}") = "SubscribeReceive", "RabbitMQ.Demo\SubscribeReceive\SubscribeReceive.csproj", "{F38F075E-A72C-4E63-8EFB-8AC498C8A881}"
EndProject
Project("{9A19103F-16F7-4668-BE54-9A1E7A4F7556}") = "SubscribeSend", "RabbitMQ.Demo\SubscribeSend\SubscribeSend.csproj", "{50EA7554-ADBF-44DF-9A76-CE0EEE0E8D20}"
EndProject
Global
	GlobalSection(SolutionConfigurationPlatforms) = preSolution
		Debug|Any CPU = Debug|Any CPU
		Release|Any CPU = Release|Any CPU
	EndGlobalSection
	GlobalSection(ProjectConfigurationPlatforms) = postSolution
		{EA6D9686-D5B2-46D2-926C-7D34A09245A6}.Debug|Any CPU.ActiveCfg = Debug|Any CPU
		{EA6D9686-D5B2-46D2-926C-7D34A09245A6}.Debug|Any CPU.Build.0 = Debug|Any CPU
		{EA6D9686-D5B2-46D2-926C-7D34A09245A6}.Release|Any CPU.ActiveCfg = Release|Any CPU
		{EA6D9686-D5B2-46D2-926C-7D34A09245A6}.Release|Any CPU.Build.0 = Release|Any CPU
		{2E91874D-29DE-43F6-AC65-AB181742D534}.Debug|Any CPU.ActiveCfg = Debug|Any CPU
		{2E91874D-29DE-43F6-AC65-AB181742D534}.Debug|Any CPU.Build.0 = Debug|Any CPU
		{2E91874D-29DE-43F6-AC65-AB181742D534}.Release|Any CPU.ActiveCfg = Release|Any CPU
		{2E91874D-29DE-43F6-AC65-AB181742D534}.Release|Any CPU.Build.0 = Release|Any CPU
		{5CA20E3B-3102-4A85-B22C-4B2BE8EF2732}.Debug|Any CPU.ActiveCfg = Debug|Any CPU
		{5CA20E3B-3102-4A85-B22C-4B2BE8EF2732}.Debug|Any CPU.Build.0 = Debug|Any CPU
		{5CA20E3B-3102-4A85-B22C-4B2BE8EF2732}.Release|Any CPU.ActiveCfg = Release|Any CPU
		{5CA20E3B-3102-4A85-B22C-4B2BE8EF2732}.Release|Any CPU.Build.0 = Release|Any CPU
		{C1640723-0411-4384-B8A4-6998B66D5DB8}.Debug|Any CPU.ActiveCfg = Debug|Any CPU
		{C1640723-0411-4384-B8A4-6998B66D5DB8}.Debug|Any CPU.Build.0 = Debug|Any CPU
		{C1640723-0411-4384-B8A4-6998B66D5DB8}.Release|Any CPU.ActiveCfg = Release|Any CPU
		{C1640723-0411-4384-B8A4-6998B66D5DB8}.Release|Any CPU.Build.0 = Release|Any CPU
		{23EB3195-8F34-4631-B790-404B647D0A29}.Debug|Any CPU.ActiveCfg = Debug|Any CPU
		{23EB3195-8F34-4631-B790-404B647D0A29}.Debug|Any CPU.Build.0 = Debug|Any CPU
		{23EB3195-8F34-4631-B790-404B647D0A29}.Release|Any CPU.ActiveCfg = Release|Any CPU
		{23EB3195-8F34-4631-B790-404B647D0A29}.Release|Any CPU.Build.0 = Release|Any CPU
		{1CD6B6F5-4847-430F-AE0C-A9CA37F3162E}.Debug|Any CPU.ActiveCfg = Debug|Any CPU
		{1CD6B6F5-4847-430F-AE0C-A9CA37F3162E}.Debug|Any CPU.Build.0 = Debug|Any CPU
		{1CD6B6F5-4847-430F-AE0C-A9CA37F3162E}.Release|Any CPU.ActiveCfg = Release|Any CPU
		{1CD6B6F5-4847-430F-AE0C-A9CA37F3162E}.Release|Any CPU.Build.0 = Release|Any CPU
		{F38F075E-A72C-4E63-8EFB-8AC498C8A881}.Debug|Any CPU.ActiveCfg = Debug|Any CPU
		{F38F075E-A72C-4E63-8EFB-8AC498C8A881}.Debug|Any CPU.Build.0 = Debug|Any CPU
		{F38F075E-A72C-4E63-8EFB-8AC498C8A881}.Release|Any CPU.ActiveCfg = Release|Any CPU
		{F38F075E-A72C-4E63-8EFB-8AC498C8A881}.Release|Any CPU.Build.0 = Release|Any CPU
		{50EA7554-ADBF-44DF-9A76-CE0EEE0E8D20}.Debug|Any CPU.ActiveCfg = Debug|Any CPU
		{50EA7554-ADBF-44DF-9A76-CE0EEE0E8D20}.Debug|Any CPU.Build.0 = Debug|Any CPU
		{50EA7554-ADBF-44DF-9A76-CE0EEE0E8D20}.Release|Any CPU.ActiveCfg = Release|Any CPU
		{50EA7554-ADBF-44DF-9A76-CE0EEE0E8D20}.Release|Any CPU.Build.0 = Release|Any CPU
	EndGlobalSection
	GlobalSection(SolutionProperties) = preSolution
		HideSolutionNode = FALSE
	EndGlobalSection
	GlobalSection(NestedProjects) = preSolution
		{EA6D9686-D5B2-46D2-926C-7D34A09245A6} = {7B0C2E05-3735-4E01-8743-B4344DF55477}
		{2E91874D-29DE-43F6-AC65-AB181742D534} = {7B0C2E05-3735-4E01-8743-B4344DF55477}
		{5CA20E3B-3102-4A85-B22C-4B2BE8EF2732} = {7B0C2E05-3735-4E01-8743-B4344DF55477}
		{C1640723-0411-4384-B8A4-6998B66D5DB8} = {7B0C2E05-3735-4E01-8743-B4344DF55477}
		{23EB3195-8F34-4631-B790-404B647D0A29} = {3973917B-3E9D-4AF5-B29E-8D08BAF90F33}
		{1CD6B6F5-4847-430F-AE0C-A9CA37F3162E} = {3973917B-3E9D-4AF5-B29E-8D08BAF90F33}
		{F38F075E-A72C-4E63-8EFB-8AC498C8A881} = {3973917B-3E9D-4AF5-B29E-8D08BAF90F33}
		{50EA7554-ADBF-44DF-9A76-CE0EEE0E8D20} = {3973917B-3E9D-4AF5-B29E-8D08BAF90F33}
	EndGlobalSection
	GlobalSection(ExtensibilityGlobals) = postSolution
		SolutionGuid = {0766BDB4-E50E-4D27-814B-E4E207B52914}
	EndGlobalSection
EndGlobal
